<?xml version="1.0" encoding="utf-8"?>
<Project ToolsVersion="4.0" xmlns="http://schemas.microsoft.com/developer/msbuild/2003">
  <ItemGroup>
    <Filter Include="Source Files">
      <UniqueIdentifier>{4FC737F1-C7A5-4376-A066-2A32D752A2FF}</UniqueIdentifier>
      <Extensions>cpp;c;cc;cxx;c++;def;odl;idl;hpj;bat;asm;asmx</Extensions>
    </Filter>
    <Filter Include="Header Files">
      <UniqueIdentifier>{93995380-89BD-4b04-88EB-625FBE52EBFB}</UniqueIdentifier>
      <Extensions>h;hh;hpp;hxx;h++;hm;inl;inc;ipp;xsd</Extensions>
    </Filter>
    <Filter Include="Resource Files">
      <UniqueIdentifier>{67DA6AB6-F800-4c08-8B7A-83BB121AAD01}</UniqueIdentifier>
      <Extensions>rc;ico;cur;bmp;dlg;rc2;rct;bin;rgs;gif;jpg;jpeg;jpe;resx;tiff;tif;png;wav;mfcribbon-ms</Extensions>
    </Filter>
    <Filter Include="Shaders">
      <UniqueIdentifier>{f94e9137-11b3-4cef-b346-f97d1a6fe316}</UniqueIdentifier>
    </Filter>
    <Filter Include="Resource Files\levels">
      <UniqueIdentifier>{baeef0df-bd46-4e64-b7df-e154c683eea7}</UniqueIdentifier>
    </Filter>
    <Filter Include="Resource Files\textures">
      <UniqueIdentifier>{5ba0d9d4-8339-457e-b599-da38f72ffa66}</UniqueIdentifier>
    </Filter>
    <Filter Include="Resource Files\textures\bricks">
      <UniqueIdentifier>{13ae55f4-2344-4c12-aaa9-7b42c7cb86d6}</UniqueIdentifier>
    </Filter>
    <Filter Include="Resource Files\textures\boards">
      <UniqueIdentifier>{b285ad12-19bd-4f11-9f0a-309ef5ce38e2}</UniqueIdentifier>
    </Filter>
    <Filter Include="Resource Files\textures\ui">
      <UniqueIdentifier>{933eacb8-88bd-4478-8ab0-cb8905ee0892}</UniqueIdentifier>
    </Filter>
    <Filter Include="Resource Files\sounds">
      <UniqueIdentifier>{b7366adf-e81b-436c-9375-11b8096726c0}</UniqueIdentifier>
    </Filter>
  </ItemGroup>
  <ItemGroup>
    <ClCompile Include="src\main.cpp">
      <Filter>Source Files</Filter>
    </ClCompile>
    <ClCompile Include="src\swapchain.cpp">
      <Filter>Source Files</Filter>
    </ClCompile>
    <ClCompile Include="src\level.cpp">
      <Filter>Source Files</Filter>
    </ClCompile>
    <ClCompile Include="src\renderer.cpp">
      <Filter>Source Files</Filter>
    </ClCompile>
    <ClCompile Include="src\breakout.cpp">
      <Filter>Source Files</Filter>
    </ClCompile>
    <ClCompile Include="src\physics.cpp">
      <Filter>Source Files</Filter>
    </ClCompile>
    <ClCompile Include="src\soundManager.cpp">
      <Filter>Source Files</Filter>
    </ClCompile>
    <ClCompile Include="src\textureManager.cpp">
      <Filter>Source Files</Filter>
    </ClCompile>
  </ItemGroup>
  <ItemGroup>
    <ClInclude Include="src\common.h">
      <Filter>Header Files</Filter>
    </ClInclude>
    <ClInclude Include="src\swapchain.h">
      <Filter>Header Files</Filter>
    </ClInclude>
    <ClInclude Include="src\shaders\sharedStructures.h">
      <Filter>Shaders</Filter>
    </ClInclude>
    <ClInclude Include="src\level.h">
      <Filter>Header Files</Filter>
    </ClInclude>
    <ClInclude Include="src\renderer.h">
      <Filter>Header Files</Filter>
    </ClInclude>
    <ClInclude Include="src\breakout.h">
      <Filter>Header Files</Filter>
    </ClInclude>
    <ClInclude Include="src\physics.h">
      <Filter>Header Files</Filter>
    </ClInclude>
    <ClInclude Include="src\commonExternal.h">
      <Filter>Header Files</Filter>
    </ClInclude>
    <ClInclude Include="src\soundManager.h">
      <Filter>Header Files</Filter>
    </ClInclude>
    <ClInclude Include="src\textureManager.h">
      <Filter>Header Files</Filter>
    </ClInclude>
  </ItemGroup>
  <ItemGroup>
    <CustomBuild Include="src\shaders\vertexShader.vert">
      <Filter>Shaders</Filter>
    </CustomBuild>
    <CustomBuild Include="src\shaders\fragmentShader.frag">
      <Filter>Shaders</Filter>
    </CustomBuild>
  </ItemGroup>
  <ItemGroup>
    <Image Include="resources\textures\bricks\brick.png">
      <Filter>Resource Files\textures\bricks</Filter>
    </Image>
    <Image Include="resources\textures\bricks\metal.png">
      <Filter>Resource Files\textures\bricks</Filter>
    </Image>
    <Image Include="resources\textures\bricks\paper.png">
      <Filter>Resource Files\textures\bricks</Filter>
    </Image>
    <Image Include="resources\textures\bricks\wood.png">
      <Filter>Resource Files\textures\bricks</Filter>
    </Image>
    <Image Include="resources\textures\boards\background1.png">
      <Filter>Resource Files\textures\boards</Filter>
    </Image>
    <Image Include="resources\textures\ball.png">
      <Filter>Resource Files\textures</Filter>
    </Image>
    <Image Include="resources\textures\pad.png">
      <Filter>Resource Files\textures</Filter>
    </Image>
    <Image Include="resources\textures\boards\background2.png">
      <Filter>Resource Files\textures\boards</Filter>
    </Image>
    <Image Include="resources\textures\boards\background3.png">
      <Filter>Resource Files\textures\boards</Filter>
    </Image>
    <Image Include="resources\textures\boards\background4.png">
      <Filter>Resource Files\textures\boards</Filter>
    </Image>
    <Image Include="resources\textures\boards\foreground.png">
      <Filter>Resource Files\textures\boards</Filter>
    </Image>
    <Image Include="resources\textures\bricks\cracks.png">
      <Filter>Resource Files\textures\bricks</Filter>
    </Image>
    <Image Include="resources\textures\ui\0.png">
      <Filter>Resource Files\textures\ui</Filter>
    </Image>
    <Image Include="resources\textures\ui\1.png">
      <Filter>Resource Files\textures\ui</Filter>
    </Image>
    <Image Include="resources\textures\ui\2.png">
      <Filter>Resource Files\textures\ui</Filter>
    </Image>
    <Image Include="resources\textures\ui\3.png">
      <Filter>Resource Files\textures\ui</Filter>
    </Image>
    <Image Include="resources\textures\ui\4.png">
      <Filter>Resource Files\textures\ui</Filter>
    </Image>
    <Image Include="resources\textures\ui\5.png">
      <Filter>Resource Files\textures\ui</Filter>
    </Image>
    <Image Include="resources\textures\ui\6.png">
      <Filter>Resource Files\textures\ui</Filter>
    </Image>
    <Image Include="resources\textures\ui\7.png">
      <Filter>Resource Files\textures\ui</Filter>
    </Image>
    <Image Include="resources\textures\ui\8.png">
      <Filter>Resource Files\textures\ui</Filter>
    </Image>
    <Image Include="resources\textures\ui\9.png">
      <Filter>Resource Files\textures\ui</Filter>
    </Image>
    <Image Include="resources\textures\ui\gameOver.png">
      <Filter>Resource Files\textures\ui</Filter>
    </Image>
    <Image Include="resources\textures\ui\level.png">
      <Filter>Resource Files\textures\ui</Filter>
    </Image>
    <Image Include="resources\textures\ui\levelComplete.png">
      <Filter>Resource Files\textures\ui</Filter>
    </Image>
    <Image Include="resources\textures\ui\lives.png">
      <Filter>Resource Files\textures\ui</Filter>
    </Image>
    <Image Include="resources\textures\ui\loadingLevel.png">
      <Filter>Resource Files\textures\ui</Filter>
    </Image>
    <Image Include="resources\textures\ui\pressSpaceToReleaseTheBall.png">
      <Filter>Resource Files\textures\ui</Filter>
    </Image>
    <Image Include="resources\textures\ui\pressSpaceToTryAgain.png">
      <Filter>Resource Files\textures\ui</Filter>
    </Image>
    <Image Include="resources\textures\ui\score.png">
      <Filter>Resource Files\textures\ui</Filter>
    </Image>
    <Image Include="resources\textures\ui\victory.png">
      <Filter>Resource Files\textures\ui</Filter>
    </Image>
    <Image Include="resources\textures\boards\background5.png">
      <Filter>Resource Files\textures\boards</Filter>
    </Image>
  </ItemGroup>
  <ItemGroup>
    <Xml Include="resources\levels\level001.xml">
      <Filter>Resource Files\levels</Filter>
    </Xml>
    <Xml Include="resources\levels\level002.xml">
      <Filter>Resource Files\levels</Filter>
    </Xml>
    <Xml Include="resources\levels\level003.xml">
      <Filter>Resource Files\levels</Filter>
    </Xml>
    <Xml Include="resources\levels\level004.xml">
      <Filter>Resource Files\levels</Filter>
    </Xml>
    <Xml Include="resources\levels\level005.xml">
      <Filter>Resource Files\levels</Filter>
    </Xml>
  </ItemGroup>
  <ItemGroup>
    <Media Include="resources\sounds\brickBreak.wav">
      <Filter>Resource Files\sounds</Filter>
    </Media>
    <Media Include="resources\sounds\brickHit.wav">
      <Filter>Resource Files\sounds</Filter>
    </Media>
    <Media Include="resources\sounds\metalBreak.wav">
      <Filter>Resource Files\sounds</Filter>
    </Media>
    <Media Include="resources\sounds\metalHit.wav">
      <Filter>Resource Files\sounds</Filter>
    </Media>
    <Media Include="resources\sounds\pad.wav">
      <Filter>Resource Files\sounds</Filter>
    </Media>
    <Media Include="resources\sounds\paperBreak.wav">
      <Filter>Resource Files\sounds</Filter>
    </Media>
    <Media Include="resources\sounds\wall.wav">
      <Filter>Resource Files\sounds</Filter>
    </Media>
    <Media Include="resources\sounds\wilhelm.wav">
      <Filter>Resource Files\sounds</Filter>
    </Media>
    <Media Include="resources\sounds\woodBreak.wav">
      <Filter>Resource Files\sounds</Filter>
    </Media>
    <Media Include="resources\sounds\woodHit.wav">
      <Filter>Resource Files\sounds</Filter>
    </Media>
  </ItemGroup>
</Project>